
Microsoft Visual Studio Solution File, Format Version 12.00
# Visual Studio 15
VisualStudioVersion = 15.0.27130.2036
MinimumVisualStudioVersion = 10.0.40219.1
Project("{FAE04EC0-301F-11D3-BF4B-00C04F79EFBC}") = "SuperAdventure", "SuperAdventure\SuperAdventure.csproj", "{B17FCFE2-800B-4CA1-919D-CD706F70FE53}"
EndProject
Project("{FAE04EC0-301F-11D3-BF4B-00C04F79EFBC}") = "Engine", "Engine\Engine.csproj", "{D92DD5F4-176C-4C76-9ECF-F2DE117C6A04}"
EndProject
Global
	GlobalSection(SolutionConfigurationPlatforms) = preSolution
		Debug|Any CPU = Debug|Any CPU
		Release|Any CPU = Release|Any CPU
	EndGlobalSection
	GlobalSection(ProjectConfigurationPlatforms) = postSolution
		{B17FCFE2-800B-4CA1-919D-CD706F70FE53}.Debug|Any CPU.ActiveCfg = Debug|Any CPU
		{B17FCFE2-800B-4CA1-919D-CD706F70FE53}.Debug|Any CPU.Build.0 = Debug|Any CPU
		{B17FCFE2-800B-4CA1-919D-CD706F70FE53}.Release|Any CPU.ActiveCfg = Release|Any CPU
		{B17FCFE2-800B-4CA1-919D-CD706F70FE53}.Release|Any CPU.Build.0 = Release|Any CPU
		{D92DD5F4-176C-4C76-9ECF-F2DE117C6A04}.Debug|Any CPU.ActiveCfg = Debug|Any CPU
		{D92DD5F4-176C-4C76-9ECF-F2DE117C6A04}.Debug|Any CPU.Build.0 = Debug|Any CPU
		{D92DD5F4-176C-4C76-9ECF-F2DE117C6A04}.Release|Any CPU.ActiveCfg = Release|Any CPU
		{D92DD5F4-176C-4C76-9ECF-F2DE117C6A04}.Release|Any CPU.Build.0 = Release|Any CPU
	EndGlobalSection
	GlobalSection(SolutionProperties) = preSolution
		HideSolutionNode = FALSE
	EndGlobalSection
	GlobalSection(ExtensibilityGlobals) = postSolution
		SolutionGuid = {F4F69CBB-6A68-4F2B-84F5-56C83A5904FD}
	EndGlobalSection
EndGlobal
